data.aws_ec2_managed_prefix_list.s3: Reading...
data.aws_ami.ubuntu: Reading...
data.aws_ami.ubuntu: Read complete after 0s [id=ami-04ab94c703fb30101]
data.aws_ec2_managed_prefix_list.s3: Read complete after 0s [id=pl-63a5400a]

Terraform used the selected providers to generate the following execution
plan. Resource actions are indicated with the following symbols:
  + create

Terraform will perform the following actions:

  # aws_acm_certificate.nuvei_cert will be created
  + resource "aws_acm_certificate" "nuvei_cert" {
      + arn                       = (known after apply)
      + domain_name               = "nuvei-test.com"
      + domain_validation_options = [
          + {
              + domain_name           = "elb.nuvei-test.com"
              + resource_record_name  = (known after apply)
              + resource_record_type  = (known after apply)
              + resource_record_value = (known after apply)
            },
          + {
              + domain_name           = "nuvei-test.com"
              + resource_record_name  = (known after apply)
              + resource_record_type  = (known after apply)
              + resource_record_value = (known after apply)
            },
        ]
      + id                        = (known after apply)
      + key_algorithm             = (known after apply)
      + not_after                 = (known after apply)
      + not_before                = (known after apply)
      + pending_renewal           = (known after apply)
      + renewal_eligibility       = (known after apply)
      + renewal_summary           = (known after apply)
      + status                    = (known after apply)
      + subject_alternative_names = [
          + "elb.nuvei-test.com",
          + "nuvei-test.com",
        ]
      + tags_all                  = (known after apply)
      + type                      = (known after apply)
      + validation_emails         = (known after apply)
      + validation_method         = "DNS"
    }

  # aws_acm_certificate_validation.validation will be created
  + resource "aws_acm_certificate_validation" "validation" {
      + certificate_arn         = (known after apply)
      + id                      = (known after apply)
      + validation_record_fqdns = (known after apply)
    }

  # aws_eip.nat_eip will be created
  + resource "aws_eip" "nat_eip" {
      + allocation_id        = (known after apply)
      + association_id       = (known after apply)
      + carrier_ip           = (known after apply)
      + customer_owned_ip    = (known after apply)
      + domain               = "vpc"
      + id                   = (known after apply)
      + instance             = (known after apply)
      + network_border_group = "us-east-1"
      + network_interface    = (known after apply)
      + private_dns          = (known after apply)
      + private_ip           = (known after apply)
      + public_dns           = (known after apply)
      + public_ip            = (known after apply)
      + public_ipv4_pool     = "amazon"
      + tags                 = {
          + "Name" = "nat-eip"
        }
      + tags_all             = {
          + "Name" = "nat-eip"
        }
      + vpc                  = (known after apply)
    }

  # aws_instance.host1 will be created
  + resource "aws_instance" "host1" {
      + ami                                  = "ami-04ab94c703fb30101"
      + arn                                  = (known after apply)
      + associate_public_ip_address          = (known after apply)
      + availability_zone                    = (known after apply)
      + cpu_core_count                       = (known after apply)
      + cpu_threads_per_core                 = (known after apply)
      + disable_api_stop                     = (known after apply)
      + disable_api_termination              = (known after apply)
      + ebs_optimized                        = (known after apply)
      + get_password_data                    = false
      + host_id                              = (known after apply)
      + host_resource_group_arn              = (known after apply)
      + iam_instance_profile                 = (known after apply)
      + id                                   = (known after apply)
      + instance_initiated_shutdown_behavior = (known after apply)
      + instance_lifecycle                   = (known after apply)
      + instance_state                       = (known after apply)
      + instance_type                        = "t3.micro"
      + ipv6_address_count                   = (known after apply)
      + ipv6_addresses                       = (known after apply)
      + key_name                             = "nuvei_key"
      + monitoring                           = (known after apply)
      + outpost_arn                          = (known after apply)
      + password_data                        = (known after apply)
      + placement_group                      = (known after apply)
      + placement_partition_number           = (known after apply)
      + primary_network_interface_id         = (known after apply)
      + private_dns                          = (known after apply)
      + private_ip                           = (known after apply)
      + public_dns                           = (known after apply)
      + public_ip                            = (known after apply)
      + secondary_private_ips                = (known after apply)
      + security_groups                      = (known after apply)
      + source_dest_check                    = true
      + spot_instance_request_id             = (known after apply)
      + subnet_id                            = (known after apply)
      + tags                                 = {
          + "Name" = "host1"
        }
      + tags_all                             = {
          + "Name" = "host1"
        }
      + tenancy                              = (known after apply)
      + user_data                            = (known after apply)
      + user_data_base64                     = (known after apply)
      + user_data_replace_on_change          = false
      + vpc_security_group_ids               = (known after apply)
    }

  # aws_instance.host2 will be created
  + resource "aws_instance" "host2" {
      + ami                                  = "ami-04ab94c703fb30101"
      + arn                                  = (known after apply)
      + associate_public_ip_address          = (known after apply)
      + availability_zone                    = (known after apply)
      + cpu_core_count                       = (known after apply)
      + cpu_threads_per_core                 = (known after apply)
      + disable_api_stop                     = (known after apply)
      + disable_api_termination              = (known after apply)
      + ebs_optimized                        = (known after apply)
      + get_password_data                    = false
      + host_id                              = (known after apply)
      + host_resource_group_arn              = (known after apply)
      + iam_instance_profile                 = (known after apply)
      + id                                   = (known after apply)
      + instance_initiated_shutdown_behavior = (known after apply)
      + instance_lifecycle                   = (known after apply)
      + instance_state                       = (known after apply)
      + instance_type                        = "t3.micro"
      + ipv6_address_count                   = (known after apply)
      + ipv6_addresses                       = (known after apply)
      + key_name                             = "nuvei_key"
      + monitoring                           = (known after apply)
      + outpost_arn                          = (known after apply)
      + password_data                        = (known after apply)
      + placement_group                      = (known after apply)
      + placement_partition_number           = (known after apply)
      + primary_network_interface_id         = (known after apply)
      + private_dns                          = (known after apply)
      + private_ip                           = (known after apply)
      + public_dns                           = (known after apply)
      + public_ip                            = (known after apply)
      + secondary_private_ips                = (known after apply)
      + security_groups                      = (known after apply)
      + source_dest_check                    = true
      + spot_instance_request_id             = (known after apply)
      + subnet_id                            = (known after apply)
      + tags                                 = {
          + "Name" = "host2"
        }
      + tags_all                             = {
          + "Name" = "host2"
        }
      + tenancy                              = (known after apply)
      + user_data                            = (known after apply)
      + user_data_base64                     = (known after apply)
      + user_data_replace_on_change          = false
      + vpc_security_group_ids               = (known after apply)
    }

  # aws_internet_gateway.igw will be created
  + resource "aws_internet_gateway" "igw" {
      + arn      = (known after apply)
      + id       = (known after apply)
      + owner_id = (known after apply)
      + tags     = {
          + "Name" = "igw"
        }
      + tags_all = {
          + "Name" = "igw"
        }
      + vpc_id   = (known after apply)
    }

  # aws_lb.nuvei_lb will be created
  + resource "aws_lb" "nuvei_lb" {
      + arn                                                          = (known after apply)
      + arn_suffix                                                   = (known after apply)
      + desync_mitigation_mode                                       = "defensive"
      + dns_name                                                     = (known after apply)
      + drop_invalid_header_fields                                   = false
      + enable_deletion_protection                                   = false
      + enable_http2                                                 = true
      + enable_tls_version_and_cipher_suite_headers                  = false
      + enable_waf_fail_open                                         = false
      + enable_xff_client_port                                       = false
      + enforce_security_group_inbound_rules_on_private_link_traffic = (known after apply)
      + id                                                           = (known after apply)
      + idle_timeout                                                 = 60
      + internal                                                     = false
      + ip_address_type                                              = (known after apply)
      + load_balancer_type                                           = "application"
      + name                                                         = "nuvei-lb"
      + name_prefix                                                  = (known after apply)
      + preserve_host_header                                         = false
      + security_groups                                              = (known after apply)
      + subnets                                                      = (known after apply)
      + tags                                                         = {
          + "Name" = "nuvei_lb"
        }
      + tags_all                                                     = {
          + "Name" = "nuvei_lb"
        }
      + vpc_id                                                       = (known after apply)
      + xff_header_processing_mode                                   = "append"
      + zone_id                                                      = (known after apply)
    }

  # aws_lb_listener.http will be created
  + resource "aws_lb_listener" "http" {
      + arn               = (known after apply)
      + id                = (known after apply)
      + load_balancer_arn = (known after apply)
      + port              = 80
      + protocol          = "HTTP"
      + ssl_policy        = (known after apply)
      + tags_all          = (known after apply)

      + default_action {
          + order            = (known after apply)
          + target_group_arn = (known after apply)
          + type             = "forward"
        }
    }

  # aws_lb_listener.https will be created
  + resource "aws_lb_listener" "https" {
      + arn               = (known after apply)
      + certificate_arn   = (known after apply)
      + id                = (known after apply)
      + load_balancer_arn = (known after apply)
      + port              = 443
      + protocol          = "HTTPS"
      + ssl_policy        = "ELBSecurityPolicy-2016-08"
      + tags_all          = (known after apply)

      + default_action {
          + order            = (known after apply)
          + target_group_arn = (known after apply)
          + type             = "forward"
        }
    }

  # aws_lb_target_group.nuvei_lb_tg will be created
  + resource "aws_lb_target_group" "nuvei_lb_tg" {
      + arn                                = (known after apply)
      + arn_suffix                         = (known after apply)
      + connection_termination             = (known after apply)
      + deregistration_delay               = "300"
      + id                                 = (known after apply)
      + ip_address_type                    = (known after apply)
      + lambda_multi_value_headers_enabled = false
      + load_balancing_algorithm_type      = (known after apply)
      + load_balancing_anomaly_mitigation  = (known after apply)
      + load_balancing_cross_zone_enabled  = (known after apply)
      + name                               = "nuvei-lb-tg"
      + name_prefix                        = (known after apply)
      + port                               = 80
      + preserve_client_ip                 = (known after apply)
      + protocol                           = "HTTP"
      + protocol_version                   = (known after apply)
      + proxy_protocol_v2                  = false
      + slow_start                         = 0
      + tags_all                           = (known after apply)
      + target_type                        = "instance"
      + vpc_id                             = (known after apply)

      + health_check {
          + enabled             = true
          + healthy_threshold   = 3
          + interval            = 30
          + matcher             = "200"
          + path                = "/"
          + port                = "traffic-port"
          + protocol            = "HTTP"
          + timeout             = 5
          + unhealthy_threshold = 3
        }
    }

  # aws_lb_target_group_attachment.host1 will be created
  + resource "aws_lb_target_group_attachment" "host1" {
      + id               = (known after apply)
      + port             = 80
      + target_group_arn = (known after apply)
      + target_id        = (known after apply)
    }

  # aws_lb_target_group_attachment.host2 will be created
  + resource "aws_lb_target_group_attachment" "host2" {
      + id               = (known after apply)
      + port             = 80
      + target_group_arn = (known after apply)
      + target_id        = (known after apply)
    }

  # aws_nat_gateway.nat_gw will be created
  + resource "aws_nat_gateway" "nat_gw" {
      + allocation_id                      = (known after apply)
      + association_id                     = (known after apply)
      + connectivity_type                  = "public"
      + id                                 = (known after apply)
      + network_interface_id               = (known after apply)
      + private_ip                         = (known after apply)
      + public_ip                          = (known after apply)
      + secondary_private_ip_address_count = (known after apply)
      + secondary_private_ip_addresses     = (known after apply)
      + subnet_id                          = (known after apply)
      + tags                               = {
          + "Name" = "nat_gw"
        }
      + tags_all                           = {
          + "Name" = "nat_gw"
        }
    }

  # aws_route.main_rtb_private1_nat will be created
  + resource "aws_route" "main_rtb_private1_nat" {
      + destination_cidr_block = "0.0.0.0/0"
      + id                     = (known after apply)
      + instance_id            = (known after apply)
      + instance_owner_id      = (known after apply)
      + nat_gateway_id         = (known after apply)
      + network_interface_id   = (known after apply)
      + origin                 = (known after apply)
      + route_table_id         = (known after apply)
      + state                  = (known after apply)
    }

  # aws_route.main_rtb_private2_nat will be created
  + resource "aws_route" "main_rtb_private2_nat" {
      + destination_cidr_block = "0.0.0.0/0"
      + id                     = (known after apply)
      + instance_id            = (known after apply)
      + instance_owner_id      = (known after apply)
      + nat_gateway_id         = (known after apply)
      + network_interface_id   = (known after apply)
      + origin                 = (known after apply)
      + route_table_id         = (known after apply)
      + state                  = (known after apply)
    }

  # aws_route.main_rtb_public_igw will be created
  + resource "aws_route" "main_rtb_public_igw" {
      + destination_cidr_block = "0.0.0.0/0"
      + gateway_id             = (known after apply)
      + id                     = (known after apply)
      + instance_id            = (known after apply)
      + instance_owner_id      = (known after apply)
      + network_interface_id   = (known after apply)
      + origin                 = (known after apply)
      + route_table_id         = (known after apply)
      + state                  = (known after apply)
    }

  # aws_route53_record.elb_cname will be created
  + resource "aws_route53_record" "elb_cname" {
      + allow_overwrite = (known after apply)
      + fqdn            = (known after apply)
      + id              = (known after apply)
      + name            = "elb.nuvei-test.com"
      + records         = (known after apply)
      + ttl             = 300
      + type            = "CNAME"
      + zone_id         = (known after apply)
    }

  # aws_route53_record.validation["elb.nuvei-test.com"] will be created
  + resource "aws_route53_record" "validation" {
      + allow_overwrite = true
      + fqdn            = (known after apply)
      + id              = (known after apply)
      + name            = (known after apply)
      + records         = (known after apply)
      + ttl             = 60
      + type            = (known after apply)
      + zone_id         = (known after apply)
    }

  # aws_route53_record.validation["nuvei-test.com"] will be created
  + resource "aws_route53_record" "validation" {
      + allow_overwrite = true
      + fqdn            = (known after apply)
      + id              = (known after apply)
      + name            = (known after apply)
      + records         = (known after apply)
      + ttl             = 60
      + type            = (known after apply)
      + zone_id         = (known after apply)
    }

  # aws_route53_zone.nuvei_zone will be created
  + resource "aws_route53_zone" "nuvei_zone" {
      + arn                 = (known after apply)
      + comment             = "Managed by Terraform"
      + force_destroy       = false
      + id                  = (known after apply)
      + name                = "nuvei-test.com"
      + name_servers        = (known after apply)
      + primary_name_server = (known after apply)
      + tags_all            = (known after apply)
      + zone_id             = (known after apply)
    }

  # aws_route_table.main_rtb_private1 will be created
  + resource "aws_route_table" "main_rtb_private1" {
      + arn              = (known after apply)
      + id               = (known after apply)
      + owner_id         = (known after apply)
      + propagating_vgws = (known after apply)
      + route            = (known after apply)
      + tags             = {
          + "Name" = "main_rtb_private1"
        }
      + tags_all         = {
          + "Name" = "main_rtb_private1"
        }
      + vpc_id           = (known after apply)
    }

  # aws_route_table.main_rtb_private2 will be created
  + resource "aws_route_table" "main_rtb_private2" {
      + arn              = (known after apply)
      + id               = (known after apply)
      + owner_id         = (known after apply)
      + propagating_vgws = (known after apply)
      + route            = (known after apply)
      + tags             = {
          + "Name" = "main_rtb_private2"
        }
      + tags_all         = {
          + "Name" = "main_rtb_private2"
        }
      + vpc_id           = (known after apply)
    }

  # aws_route_table.main_rtb_public will be created
  + resource "aws_route_table" "main_rtb_public" {
      + arn              = (known after apply)
      + id               = (known after apply)
      + owner_id         = (known after apply)
      + propagating_vgws = (known after apply)
      + route            = (known after apply)
      + tags             = {
          + "Name" = "main_rtb_public"
        }
      + tags_all         = {
          + "Name" = "main_rtb_public"
        }
      + vpc_id           = (known after apply)
    }

  # aws_security_group.ingress_sg will be created
  + resource "aws_security_group" "ingress_sg" {
      + arn                    = (known after apply)
      + description            = "Allow HTTP inbound traffic"
      + egress                 = (known after apply)
      + id                     = (known after apply)
      + ingress                = (known after apply)
      + name                   = "allow-http"
      + name_prefix            = (known after apply)
      + owner_id               = (known after apply)
      + revoke_rules_on_delete = false
      + tags                   = {
          + "Name" = "allow-http"
        }
      + tags_all               = {
          + "Name" = "allow-http"
        }
      + vpc_id                 = (known after apply)
    }

  # aws_security_group_rule.allow_all_egress will be created
  + resource "aws_security_group_rule" "allow_all_egress" {
      + cidr_blocks              = [
          + "0.0.0.0/0",
        ]
      + from_port                = 0
      + id                       = (known after apply)
      + protocol                 = "-1"
      + security_group_id        = (known after apply)
      + security_group_rule_id   = (known after apply)
      + self                     = false
      + source_security_group_id = (known after apply)
      + to_port                  = 0
      + type                     = "egress"
    }

  # aws_security_group_rule.allow_http_ingress will be created
  + resource "aws_security_group_rule" "allow_http_ingress" {
      + cidr_blocks              = [
          + "0.0.0.0/0",
        ]
      + from_port                = 80
      + id                       = (known after apply)
      + protocol                 = "tcp"
      + security_group_id        = (known after apply)
      + security_group_rule_id   = (known after apply)
      + self                     = false
      + source_security_group_id = (known after apply)
      + to_port                  = 80
      + type                     = "ingress"
    }

  # aws_security_group_rule.allow_https_ingress will be created
  + resource "aws_security_group_rule" "allow_https_ingress" {
      + cidr_blocks              = [
          + "0.0.0.0/0",
        ]
      + from_port                = 443
      + id                       = (known after apply)
      + protocol                 = "tcp"
      + security_group_id        = (known after apply)
      + security_group_rule_id   = (known after apply)
      + self                     = false
      + source_security_group_id = (known after apply)
      + to_port                  = 443
      + type                     = "ingress"
    }

  # aws_subnet.private1 will be created
  + resource "aws_subnet" "private1" {
      + arn                                            = (known after apply)
      + assign_ipv6_address_on_creation                = false
      + availability_zone                              = "us-east-1a"
      + availability_zone_id                           = (known after apply)
      + cidr_block                                     = "10.0.128.0/20"
      + enable_dns64                                   = false
      + enable_resource_name_dns_a_record_on_launch    = false
      + enable_resource_name_dns_aaaa_record_on_launch = false
      + id                                             = (known after apply)
      + ipv6_cidr_block_association_id                 = (known after apply)
      + ipv6_native                                    = false
      + map_public_ip_on_launch                        = false
      + owner_id                                       = (known after apply)
      + private_dns_hostname_type_on_launch            = "ip-name"
      + tags                                           = {
          + "Name" = "private1"
        }
      + tags_all                                       = {
          + "Name" = "private1"
        }
      + vpc_id                                         = (known after apply)
    }

  # aws_subnet.private2 will be created
  + resource "aws_subnet" "private2" {
      + arn                                            = (known after apply)
      + assign_ipv6_address_on_creation                = false
      + availability_zone                              = "us-east-1b"
      + availability_zone_id                           = (known after apply)
      + cidr_block                                     = "10.0.144.0/20"
      + enable_dns64                                   = false
      + enable_resource_name_dns_a_record_on_launch    = false
      + enable_resource_name_dns_aaaa_record_on_launch = false
      + id                                             = (known after apply)
      + ipv6_cidr_block_association_id                 = (known after apply)
      + ipv6_native                                    = false
      + map_public_ip_on_launch                        = false
      + owner_id                                       = (known after apply)
      + private_dns_hostname_type_on_launch            = "ip-name"
      + tags                                           = {
          + "Name" = "private2"
        }
      + tags_all                                       = {
          + "Name" = "private2"
        }
      + vpc_id                                         = (known after apply)
    }

  # aws_subnet.public1 will be created
  + resource "aws_subnet" "public1" {
      + arn                                            = (known after apply)
      + assign_ipv6_address_on_creation                = false
      + availability_zone                              = "us-east-1a"
      + availability_zone_id                           = (known after apply)
      + cidr_block                                     = "10.0.0.0/20"
      + enable_dns64                                   = false
      + enable_resource_name_dns_a_record_on_launch    = false
      + enable_resource_name_dns_aaaa_record_on_launch = false
      + id                                             = (known after apply)
      + ipv6_cidr_block_association_id                 = (known after apply)
      + ipv6_native                                    = false
      + map_public_ip_on_launch                        = false
      + owner_id                                       = (known after apply)
      + private_dns_hostname_type_on_launch            = "ip-name"
      + tags                                           = {
          + "Name" = "public1"
        }
      + tags_all                                       = {
          + "Name" = "public1"
        }
      + vpc_id                                         = (known after apply)
    }

  # aws_subnet.public2 will be created
  + resource "aws_subnet" "public2" {
      + arn                                            = (known after apply)
      + assign_ipv6_address_on_creation                = false
      + availability_zone                              = "us-east-1b"
      + availability_zone_id                           = (known after apply)
      + cidr_block                                     = "10.0.16.0/20"
      + enable_dns64                                   = false
      + enable_resource_name_dns_a_record_on_launch    = false
      + enable_resource_name_dns_aaaa_record_on_launch = false
      + id                                             = (known after apply)
      + ipv6_cidr_block_association_id                 = (known after apply)
      + ipv6_native                                    = false
      + map_public_ip_on_launch                        = false
      + owner_id                                       = (known after apply)
      + private_dns_hostname_type_on_launch            = "ip-name"
      + tags                                           = {
          + "Name" = "public2"
        }
      + tags_all                                       = {
          + "Name" = "public2"
        }
      + vpc_id                                         = (known after apply)
    }

  # aws_vpc.main will be created
  + resource "aws_vpc" "main" {
      + arn                                  = (known after apply)
      + cidr_block                           = "10.0.0.0/16"
      + default_network_acl_id               = (known after apply)
      + default_route_table_id               = (known after apply)
      + default_security_group_id            = (known after apply)
      + dhcp_options_id                      = (known after apply)
      + enable_dns_hostnames                 = true
      + enable_dns_support                   = true
      + enable_network_address_usage_metrics = false
      + id                                   = (known after apply)
      + instance_tenancy                     = "default"
      + ipv6_association_id                  = (known after apply)
      + ipv6_cidr_block                      = (known after apply)
      + ipv6_cidr_block_network_border_group = (known after apply)
      + main_route_table_id                  = (known after apply)
      + owner_id                             = (known after apply)
      + tags                                 = {
          + "Name" = "main"
        }
      + tags_all                             = {
          + "Name" = "main"
        }
    }

  # aws_vpc_endpoint.s3 will be created
  + resource "aws_vpc_endpoint" "s3" {
      + arn                   = (known after apply)
      + cidr_blocks           = (known after apply)
      + dns_entry             = (known after apply)
      + id                    = (known after apply)
      + ip_address_type       = (known after apply)
      + network_interface_ids = (known after apply)
      + owner_id              = (known after apply)
      + policy                = (known after apply)
      + prefix_list_id        = (known after apply)
      + private_dns_enabled   = false
      + requester_managed     = (known after apply)
      + route_table_ids       = (known after apply)
      + security_group_ids    = (known after apply)
      + service_name          = "com.amazonaws.us-east-1.s3"
      + state                 = (known after apply)
      + subnet_ids            = (known after apply)
      + tags                  = {
          + "Name" = "s3"
        }
      + tags_all              = {
          + "Name" = "s3"
        }
      + vpc_endpoint_type     = "Gateway"
      + vpc_id                = (known after apply)
    }

Plan: 33 to add, 0 to change, 0 to destroy.

─────────────────────────────────────────────────────────────────────────────

Note: You didn't use the -out option to save this plan, so Terraform can't
guarantee to take exactly these actions if you run "terraform apply" now.
